
Microsoft Visual Studio Solution File, Format Version 12.00
# Visual Studio 15
VisualStudioVersion = 15.0.26403.7
MinimumVisualStudioVersion = 10.0.40219.1
Project("{FAE04EC0-301F-11D3-BF4B-00C04F79EFBC}") = "ACM_management", "ACM_management\ACM_management.csproj", "{6C10C124-42B3-4058-A779-0FEFF70BE95E}"
EndProject
Project("{2150E333-8FDC-42A3-9474-1A3956D46DE8}") = "Tests", "Tests", "{85F0CD91-02F7-4CBD-9843-BD2EA5443A19}"
EndProject
Project("{FAE04EC0-301F-11D3-BF4B-00C04F79EFBC}") = "CustomerTest", "CustomerTest\CustomerTest.csproj", "{D72D0A31-A09A-46D7-B949-169C11399C5C}"
EndProject
Global
	GlobalSection(SolutionConfigurationPlatforms) = preSolution
		Debug|Any CPU = Debug|Any CPU
		Release|Any CPU = Release|Any CPU
	EndGlobalSection
	GlobalSection(ProjectConfigurationPlatforms) = postSolution
		{6C10C124-42B3-4058-A779-0FEFF70BE95E}.Debug|Any CPU.ActiveCfg = Debug|Any CPU
		{6C10C124-42B3-4058-A779-0FEFF70BE95E}.Debug|Any CPU.Build.0 = Debug|Any CPU
		{6C10C124-42B3-4058-A779-0FEFF70BE95E}.Release|Any CPU.ActiveCfg = Release|Any CPU
		{6C10C124-42B3-4058-A779-0FEFF70BE95E}.Release|Any CPU.Build.0 = Release|Any CPU
		{D72D0A31-A09A-46D7-B949-169C11399C5C}.Debug|Any CPU.ActiveCfg = Debug|Any CPU
		{D72D0A31-A09A-46D7-B949-169C11399C5C}.Debug|Any CPU.Build.0 = Debug|Any CPU
		{D72D0A31-A09A-46D7-B949-169C11399C5C}.Release|Any CPU.ActiveCfg = Release|Any CPU
		{D72D0A31-A09A-46D7-B949-169C11399C5C}.Release|Any CPU.Build.0 = Release|Any CPU
	EndGlobalSection
	GlobalSection(SolutionProperties) = preSolution
		HideSolutionNode = FALSE
	EndGlobalSection
	GlobalSection(NestedProjects) = preSolution
		{D72D0A31-A09A-46D7-B949-169C11399C5C} = {85F0CD91-02F7-4CBD-9843-BD2EA5443A19}
	EndGlobalSection
EndGlobal
